{
  "pins" : [
    {
      "identity" : "lungo-swift",
      "kind" : "remoteSourceControl",
      "location" : "https://github.com/machinefabric/lungo-swift.git",
      "state" : {
        "revision" : "ca34dd8b3745c13fe0c3d8bf386b4fb9e782f186",
        "version" : "1.86.160"
      }
    }
  ],
  "version" : 2
}
