{
  "pins" : [
    {
      "identity" : "lungo-swift",
      "kind" : "remoteSourceControl",
      "location" : "https://github.com/machinefabric/lungo-swift.git",
      "state" : {
        "revision" : "a4554d5a0c3720fb6ca0539544c22ebde710542e",
        "version" : "1.88.0"
      }
    }
  ],
  "version" : 2
}
