{
  "pins" : [
    {
      "identity" : "lungo-swift",
      "kind" : "remoteSourceControl",
      "location" : "https://github.com/machinefabric/lungo-swift.git",
      "state" : {
        "revision" : "930c9dbb7b13a85c72cf84596c6cf872be2817b3",
        "version" : "1.106.540"
      }
    }
  ],
  "version" : 2
}
